# This file is automatically @generated by Cargo.
# It is not intended for manual editing.
version = 4

[[package]]
name = "expose"
version = "0.0.1"
dependencies = [
 "plot",
]

[[package]]
name = "glass"
version = "0.0.1"
dependencies = [
 "expose",
 "intake",
 "lead",
 "pane",
 "plot",
]

[[package]]
name = "glass-remote"
version = "0.0.1"
dependencies = [
 "expose",
 "intake",
 "lead",
 "pane",
 "plot",
]

[[package]]
name = "intake"
version = "0.0.1"
dependencies = [
 "lead",
]

[[package]]
name = "lead"
version = "0.0.1"

[[package]]
name = "pane"
version = "0.0.1"
dependencies = [
 "expose",
 "plot",
]

[[package]]
name = "plot"
version = "0.0.1"
dependencies = [
 "lead",
]
